
Microsoft Visual Studio Solution File, Format Version 12.00
# Visual Studio Version 17
VisualStudioVersion = 17.0.31903.59
MinimumVisualStudioVersion = 10.0.40219.1
Project("{2150E333-8FDC-42A3-9474-1A3956D46DE8}") = "src", "src", "{827E0CD3-B72D-47B6-A68D-7590B98EB39B}"
EndProject
Project("{2150E333-8FDC-42A3-9474-1A3956D46DE8}") = "Domain", "Domain", "{8B290487-4C16-E85E-E807-F579CBE9FC4D}"
EndProject
Project("{FAE04EC0-301F-11D3-BF4B-00C04F79EFBC}") = "Zeus.People.Domain", "src\Domain\Zeus.People.Domain.csproj", "{477A966C-555B-4844-A844-ECB7BC03A68B}"
EndProject
Project("{FAE04EC0-301F-11D3-BF4B-00C04F79EFBC}") = "Zeus.People.Application", "src\Application\Zeus.People.Application.csproj", "{9DE7F77C-032E-4293-95EC-A27E2D2A1874}"
EndProject
Project("{FAE04EC0-301F-11D3-BF4B-00C04F79EFBC}") = "Zeus.People.Infrastructure", "src\Infrastructure\Zeus.People.Infrastructure.csproj", "{EAABC132-596F-4E4C-8753-63E51F73A3FA}"
EndProject
Project("{FAE04EC0-301F-11D3-BF4B-00C04F79EFBC}") = "Zeus.People.API", "src\API\Zeus.People.API.csproj", "{CC7E8FA2-4B4E-45ED-8FFE-BE1390C3A3E3}"
EndProject
Project("{FAE04EC0-301F-11D3-BF4B-00C04F79EFBC}") = "Zeus.People.Domain.Tests", "tests\Zeus.People.Domain.Tests\Zeus.People.Domain.Tests.csproj", "{547AC27D-FD0A-4377-821D-E88785AB5E72}"
EndProject
Project("{FAE04EC0-301F-11D3-BF4B-00C04F79EFBC}") = "Zeus.People.Application.Tests", "tests\Zeus.People.Application.Tests\Zeus.People.Application.Tests.csproj", "{82E2F538-621D-4F6A-82AD-4C2E63DC9B0C}"
EndProject
Project("{FAE04EC0-301F-11D3-BF4B-00C04F79EFBC}") = "Zeus.People.Infrastructure.Tests", "tests\Zeus.People.Infrastructure.Tests\Zeus.People.Infrastructure.Tests.csproj", "{D4E285B2-FF53-49EF-B066-9715C31DE623}"
EndProject
Project("{FAE04EC0-301F-11D3-BF4B-00C04F79EFBC}") = "Zeus.People.API.Tests", "tests\Zeus.People.API.Tests\Zeus.People.API.Tests.csproj", "{1710D150-6F6E-45C0-9CE9-E21E49A87783}"
EndProject
Project("{2150E333-8FDC-42A3-9474-1A3956D46DE8}") = "tests", "tests", "{0AB3BF05-4346-4AA6-1389-037BE0695223}"
EndProject
Project("{FAE04EC0-301F-11D3-BF4B-00C04F79EFBC}") = "Zeus.People.Tests.E2E", "tests\Zeus.People.Tests.E2E\Zeus.People.Tests.E2E.csproj", "{C30FFE75-75E3-404C-9F68-AD64FED06FD7}"
EndProject
Global
	GlobalSection(SolutionConfigurationPlatforms) = preSolution
		Debug|Any CPU = Debug|Any CPU
		Debug|x64 = Debug|x64
		Debug|x86 = Debug|x86
		Release|Any CPU = Release|Any CPU
		Release|x64 = Release|x64
		Release|x86 = Release|x86
	EndGlobalSection
	GlobalSection(ProjectConfigurationPlatforms) = postSolution
		{477A966C-555B-4844-A844-ECB7BC03A68B}.Debug|Any CPU.ActiveCfg = Debug|Any CPU
		{477A966C-555B-4844-A844-ECB7BC03A68B}.Debug|Any CPU.Build.0 = Debug|Any CPU
		{477A966C-555B-4844-A844-ECB7BC03A68B}.Debug|x64.ActiveCfg = Debug|Any CPU
		{477A966C-555B-4844-A844-ECB7BC03A68B}.Debug|x64.Build.0 = Debug|Any CPU
		{477A966C-555B-4844-A844-ECB7BC03A68B}.Debug|x86.ActiveCfg = Debug|Any CPU
		{477A966C-555B-4844-A844-ECB7BC03A68B}.Debug|x86.Build.0 = Debug|Any CPU
		{477A966C-555B-4844-A844-ECB7BC03A68B}.Release|Any CPU.ActiveCfg = Release|Any CPU
		{477A966C-555B-4844-A844-ECB7BC03A68B}.Release|Any CPU.Build.0 = Release|Any CPU
		{477A966C-555B-4844-A844-ECB7BC03A68B}.Release|x64.ActiveCfg = Release|Any CPU
		{477A966C-555B-4844-A844-ECB7BC03A68B}.Release|x64.Build.0 = Release|Any CPU
		{477A966C-555B-4844-A844-ECB7BC03A68B}.Release|x86.ActiveCfg = Release|Any CPU
		{477A966C-555B-4844-A844-ECB7BC03A68B}.Release|x86.Build.0 = Release|Any CPU
		{9DE7F77C-032E-4293-95EC-A27E2D2A1874}.Debug|Any CPU.ActiveCfg = Debug|Any CPU
		{9DE7F77C-032E-4293-95EC-A27E2D2A1874}.Debug|Any CPU.Build.0 = Debug|Any CPU
		{9DE7F77C-032E-4293-95EC-A27E2D2A1874}.Debug|x64.ActiveCfg = Debug|Any CPU
		{9DE7F77C-032E-4293-95EC-A27E2D2A1874}.Debug|x64.Build.0 = Debug|Any CPU
		{9DE7F77C-032E-4293-95EC-A27E2D2A1874}.Debug|x86.ActiveCfg = Debug|Any CPU
		{9DE7F77C-032E-4293-95EC-A27E2D2A1874}.Debug|x86.Build.0 = Debug|Any CPU
		{9DE7F77C-032E-4293-95EC-A27E2D2A1874}.Release|Any CPU.ActiveCfg = Release|Any CPU
		{9DE7F77C-032E-4293-95EC-A27E2D2A1874}.Release|Any CPU.Build.0 = Release|Any CPU
		{9DE7F77C-032E-4293-95EC-A27E2D2A1874}.Release|x64.ActiveCfg = Release|Any CPU
		{9DE7F77C-032E-4293-95EC-A27E2D2A1874}.Release|x64.Build.0 = Release|Any CPU
		{9DE7F77C-032E-4293-95EC-A27E2D2A1874}.Release|x86.ActiveCfg = Release|Any CPU
		{9DE7F77C-032E-4293-95EC-A27E2D2A1874}.Release|x86.Build.0 = Release|Any CPU
		{EAABC132-596F-4E4C-8753-63E51F73A3FA}.Debug|Any CPU.ActiveCfg = Debug|Any CPU
		{EAABC132-596F-4E4C-8753-63E51F73A3FA}.Debug|Any CPU.Build.0 = Debug|Any CPU
		{EAABC132-596F-4E4C-8753-63E51F73A3FA}.Debug|x64.ActiveCfg = Debug|Any CPU
		{EAABC132-596F-4E4C-8753-63E51F73A3FA}.Debug|x64.Build.0 = Debug|Any CPU
		{EAABC132-596F-4E4C-8753-63E51F73A3FA}.Debug|x86.ActiveCfg = Debug|Any CPU
		{EAABC132-596F-4E4C-8753-63E51F73A3FA}.Debug|x86.Build.0 = Debug|Any CPU
		{EAABC132-596F-4E4C-8753-63E51F73A3FA}.Release|Any CPU.ActiveCfg = Release|Any CPU
		{EAABC132-596F-4E4C-8753-63E51F73A3FA}.Release|Any CPU.Build.0 = Release|Any CPU
		{EAABC132-596F-4E4C-8753-63E51F73A3FA}.Release|x64.ActiveCfg = Release|Any CPU
		{EAABC132-596F-4E4C-8753-63E51F73A3FA}.Release|x64.Build.0 = Release|Any CPU
		{EAABC132-596F-4E4C-8753-63E51F73A3FA}.Release|x86.ActiveCfg = Release|Any CPU
		{EAABC132-596F-4E4C-8753-63E51F73A3FA}.Release|x86.Build.0 = Release|Any CPU
		{CC7E8FA2-4B4E-45ED-8FFE-BE1390C3A3E3}.Debug|Any CPU.ActiveCfg = Debug|Any CPU
		{CC7E8FA2-4B4E-45ED-8FFE-BE1390C3A3E3}.Debug|Any CPU.Build.0 = Debug|Any CPU
		{CC7E8FA2-4B4E-45ED-8FFE-BE1390C3A3E3}.Debug|x64.ActiveCfg = Debug|Any CPU
		{CC7E8FA2-4B4E-45ED-8FFE-BE1390C3A3E3}.Debug|x64.Build.0 = Debug|Any CPU
		{CC7E8FA2-4B4E-45ED-8FFE-BE1390C3A3E3}.Debug|x86.ActiveCfg = Debug|Any CPU
		{CC7E8FA2-4B4E-45ED-8FFE-BE1390C3A3E3}.Debug|x86.Build.0 = Debug|Any CPU
		{CC7E8FA2-4B4E-45ED-8FFE-BE1390C3A3E3}.Release|Any CPU.ActiveCfg = Release|Any CPU
		{CC7E8FA2-4B4E-45ED-8FFE-BE1390C3A3E3}.Release|Any CPU.Build.0 = Release|Any CPU
		{CC7E8FA2-4B4E-45ED-8FFE-BE1390C3A3E3}.Release|x64.ActiveCfg = Release|Any CPU
		{CC7E8FA2-4B4E-45ED-8FFE-BE1390C3A3E3}.Release|x64.Build.0 = Release|Any CPU
		{CC7E8FA2-4B4E-45ED-8FFE-BE1390C3A3E3}.Release|x86.ActiveCfg = Release|Any CPU
		{CC7E8FA2-4B4E-45ED-8FFE-BE1390C3A3E3}.Release|x86.Build.0 = Release|Any CPU
		{547AC27D-FD0A-4377-821D-E88785AB5E72}.Debug|Any CPU.ActiveCfg = Debug|Any CPU
		{547AC27D-FD0A-4377-821D-E88785AB5E72}.Debug|Any CPU.Build.0 = Debug|Any CPU
		{547AC27D-FD0A-4377-821D-E88785AB5E72}.Debug|x64.ActiveCfg = Debug|Any CPU
		{547AC27D-FD0A-4377-821D-E88785AB5E72}.Debug|x64.Build.0 = Debug|Any CPU
		{547AC27D-FD0A-4377-821D-E88785AB5E72}.Debug|x86.ActiveCfg = Debug|Any CPU
		{547AC27D-FD0A-4377-821D-E88785AB5E72}.Debug|x86.Build.0 = Debug|Any CPU
		{547AC27D-FD0A-4377-821D-E88785AB5E72}.Release|Any CPU.ActiveCfg = Release|Any CPU
		{547AC27D-FD0A-4377-821D-E88785AB5E72}.Release|Any CPU.Build.0 = Release|Any CPU
		{547AC27D-FD0A-4377-821D-E88785AB5E72}.Release|x64.ActiveCfg = Release|Any CPU
		{547AC27D-FD0A-4377-821D-E88785AB5E72}.Release|x64.Build.0 = Release|Any CPU
		{547AC27D-FD0A-4377-821D-E88785AB5E72}.Release|x86.ActiveCfg = Release|Any CPU
		{547AC27D-FD0A-4377-821D-E88785AB5E72}.Release|x86.Build.0 = Release|Any CPU
		{82E2F538-621D-4F6A-82AD-4C2E63DC9B0C}.Debug|Any CPU.ActiveCfg = Debug|Any CPU
		{82E2F538-621D-4F6A-82AD-4C2E63DC9B0C}.Debug|Any CPU.Build.0 = Debug|Any CPU
		{82E2F538-621D-4F6A-82AD-4C2E63DC9B0C}.Debug|x64.ActiveCfg = Debug|Any CPU
		{82E2F538-621D-4F6A-82AD-4C2E63DC9B0C}.Debug|x64.Build.0 = Debug|Any CPU
		{82E2F538-621D-4F6A-82AD-4C2E63DC9B0C}.Debug|x86.ActiveCfg = Debug|Any CPU
		{82E2F538-621D-4F6A-82AD-4C2E63DC9B0C}.Debug|x86.Build.0 = Debug|Any CPU
		{82E2F538-621D-4F6A-82AD-4C2E63DC9B0C}.Release|Any CPU.ActiveCfg = Release|Any CPU
		{82E2F538-621D-4F6A-82AD-4C2E63DC9B0C}.Release|Any CPU.Build.0 = Release|Any CPU
		{82E2F538-621D-4F6A-82AD-4C2E63DC9B0C}.Release|x64.ActiveCfg = Release|Any CPU
		{82E2F538-621D-4F6A-82AD-4C2E63DC9B0C}.Release|x64.Build.0 = Release|Any CPU
		{82E2F538-621D-4F6A-82AD-4C2E63DC9B0C}.Release|x86.ActiveCfg = Release|Any CPU
		{82E2F538-621D-4F6A-82AD-4C2E63DC9B0C}.Release|x86.Build.0 = Release|Any CPU
		{D4E285B2-FF53-49EF-B066-9715C31DE623}.Debug|Any CPU.ActiveCfg = Debug|Any CPU
		{D4E285B2-FF53-49EF-B066-9715C31DE623}.Debug|Any CPU.Build.0 = Debug|Any CPU
		{D4E285B2-FF53-49EF-B066-9715C31DE623}.Debug|x64.ActiveCfg = Debug|Any CPU
		{D4E285B2-FF53-49EF-B066-9715C31DE623}.Debug|x64.Build.0 = Debug|Any CPU
		{D4E285B2-FF53-49EF-B066-9715C31DE623}.Debug|x86.ActiveCfg = Debug|Any CPU
		{D4E285B2-FF53-49EF-B066-9715C31DE623}.Debug|x86.Build.0 = Debug|Any CPU
		{D4E285B2-FF53-49EF-B066-9715C31DE623}.Release|Any CPU.ActiveCfg = Release|Any CPU
		{D4E285B2-FF53-49EF-B066-9715C31DE623}.Release|Any CPU.Build.0 = Release|Any CPU
		{D4E285B2-FF53-49EF-B066-9715C31DE623}.Release|x64.ActiveCfg = Release|Any CPU
		{D4E285B2-FF53-49EF-B066-9715C31DE623}.Release|x64.Build.0 = Release|Any CPU
		{D4E285B2-FF53-49EF-B066-9715C31DE623}.Release|x86.ActiveCfg = Release|Any CPU
		{D4E285B2-FF53-49EF-B066-9715C31DE623}.Release|x86.Build.0 = Release|Any CPU
		{1710D150-6F6E-45C0-9CE9-E21E49A87783}.Debug|Any CPU.ActiveCfg = Debug|Any CPU
		{1710D150-6F6E-45C0-9CE9-E21E49A87783}.Debug|Any CPU.Build.0 = Debug|Any CPU
		{1710D150-6F6E-45C0-9CE9-E21E49A87783}.Debug|x64.ActiveCfg = Debug|Any CPU
		{1710D150-6F6E-45C0-9CE9-E21E49A87783}.Debug|x64.Build.0 = Debug|Any CPU
		{1710D150-6F6E-45C0-9CE9-E21E49A87783}.Debug|x86.ActiveCfg = Debug|Any CPU
		{1710D150-6F6E-45C0-9CE9-E21E49A87783}.Debug|x86.Build.0 = Debug|Any CPU
		{1710D150-6F6E-45C0-9CE9-E21E49A87783}.Release|Any CPU.ActiveCfg = Release|Any CPU
		{1710D150-6F6E-45C0-9CE9-E21E49A87783}.Release|Any CPU.Build.0 = Release|Any CPU
		{1710D150-6F6E-45C0-9CE9-E21E49A87783}.Release|x64.ActiveCfg = Release|Any CPU
		{1710D150-6F6E-45C0-9CE9-E21E49A87783}.Release|x64.Build.0 = Release|Any CPU
		{1710D150-6F6E-45C0-9CE9-E21E49A87783}.Release|x86.ActiveCfg = Release|Any CPU
		{1710D150-6F6E-45C0-9CE9-E21E49A87783}.Release|x86.Build.0 = Release|Any CPU
		{C30FFE75-75E3-404C-9F68-AD64FED06FD7}.Debug|Any CPU.ActiveCfg = Debug|Any CPU
		{C30FFE75-75E3-404C-9F68-AD64FED06FD7}.Debug|Any CPU.Build.0 = Debug|Any CPU
		{C30FFE75-75E3-404C-9F68-AD64FED06FD7}.Debug|x64.ActiveCfg = Debug|Any CPU
		{C30FFE75-75E3-404C-9F68-AD64FED06FD7}.Debug|x64.Build.0 = Debug|Any CPU
		{C30FFE75-75E3-404C-9F68-AD64FED06FD7}.Debug|x86.ActiveCfg = Debug|Any CPU
		{C30FFE75-75E3-404C-9F68-AD64FED06FD7}.Debug|x86.Build.0 = Debug|Any CPU
		{C30FFE75-75E3-404C-9F68-AD64FED06FD7}.Release|Any CPU.ActiveCfg = Release|Any CPU
		{C30FFE75-75E3-404C-9F68-AD64FED06FD7}.Release|Any CPU.Build.0 = Release|Any CPU
		{C30FFE75-75E3-404C-9F68-AD64FED06FD7}.Release|x64.ActiveCfg = Release|Any CPU
		{C30FFE75-75E3-404C-9F68-AD64FED06FD7}.Release|x64.Build.0 = Release|Any CPU
		{C30FFE75-75E3-404C-9F68-AD64FED06FD7}.Release|x86.ActiveCfg = Release|Any CPU
		{C30FFE75-75E3-404C-9F68-AD64FED06FD7}.Release|x86.Build.0 = Release|Any CPU
	EndGlobalSection
	GlobalSection(SolutionProperties) = preSolution
		HideSolutionNode = FALSE
	EndGlobalSection
	GlobalSection(NestedProjects) = preSolution
		{8B290487-4C16-E85E-E807-F579CBE9FC4D} = {827E0CD3-B72D-47B6-A68D-7590B98EB39B}
		{477A966C-555B-4844-A844-ECB7BC03A68B} = {8B290487-4C16-E85E-E807-F579CBE9FC4D}
		{9DE7F77C-032E-4293-95EC-A27E2D2A1874} = {8B290487-4C16-E85E-E807-F579CBE9FC4D}
		{EAABC132-596F-4E4C-8753-63E51F73A3FA} = {8B290487-4C16-E85E-E807-F579CBE9FC4D}
		{CC7E8FA2-4B4E-45ED-8FFE-BE1390C3A3E3} = {8B290487-4C16-E85E-E807-F579CBE9FC4D}
		{547AC27D-FD0A-4377-821D-E88785AB5E72} = {8B290487-4C16-E85E-E807-F579CBE9FC4D}
		{82E2F538-621D-4F6A-82AD-4C2E63DC9B0C} = {8B290487-4C16-E85E-E807-F579CBE9FC4D}
		{D4E285B2-FF53-49EF-B066-9715C31DE623} = {8B290487-4C16-E85E-E807-F579CBE9FC4D}
		{1710D150-6F6E-45C0-9CE9-E21E49A87783} = {8B290487-4C16-E85E-E807-F579CBE9FC4D}
		{C30FFE75-75E3-404C-9F68-AD64FED06FD7} = {0AB3BF05-4346-4AA6-1389-037BE0695223}
	EndGlobalSection
EndGlobal
